
Microsoft Visual Studio Solution File, Format Version 12.00
# Visual Studio Version 17
VisualStudioVersion = 17.5.33530.505
MinimumVisualStudioVersion = 10.0.40219.1
Project("{FAE04EC0-301F-11D3-BF4B-00C04F79EFBC}") = "Projekt końcowy", "Projekt końcowy\Projekt końcowy.csproj", "{3141794A-1F0C-4EF6-9E30-DF04064A3B7F}"
EndProject
Global
	GlobalSection(SolutionConfigurationPlatforms) = preSolution
		Debug|Any CPU = Debug|Any CPU
		Release|Any CPU = Release|Any CPU
	EndGlobalSection
	GlobalSection(ProjectConfigurationPlatforms) = postSolution
		{3141794A-1F0C-4EF6-9E30-DF04064A3B7F}.Debug|Any CPU.ActiveCfg = Debug|Any CPU
		{3141794A-1F0C-4EF6-9E30-DF04064A3B7F}.Debug|Any CPU.Build.0 = Debug|Any CPU
		{3141794A-1F0C-4EF6-9E30-DF04064A3B7F}.Release|Any CPU.ActiveCfg = Release|Any CPU
		{3141794A-1F0C-4EF6-9E30-DF04064A3B7F}.Release|Any CPU.Build.0 = Release|Any CPU
	EndGlobalSection
	GlobalSection(SolutionProperties) = preSolution
		HideSolutionNode = FALSE
	EndGlobalSection
	GlobalSection(ExtensibilityGlobals) = postSolution
		SolutionGuid = {075340E6-BF14-4904-86D3-B38710E0F681}
	EndGlobalSection
EndGlobal
