
Microsoft Visual Studio Solution File, Format Version 12.00
# Visual Studio Version 17
VisualStudioVersion = 17.5.33530.505
MinimumVisualStudioVersion = 10.0.40219.1
Project("{9A19103F-16F7-4668-BE54-9A1E7A4F7556}") = "TypeTest", "TypeTest\TypeTest.csproj", "{DCFDD026-22AF-4AD5-8884-E7C0E189E882}"
EndProject
Project("{9A19103F-16F7-4668-BE54-9A1E7A4F7556}") = "ZadanieZWyzwania21", "ZadanieZWyzwania21\ZadanieZWyzwania21.csproj", "{2531BD82-01EF-4081-A468-3A8CAFA1E4A3}"
EndProject
Global
	GlobalSection(SolutionConfigurationPlatforms) = preSolution
		Debug|Any CPU = Debug|Any CPU
		Release|Any CPU = Release|Any CPU
	EndGlobalSection
	GlobalSection(ProjectConfigurationPlatforms) = postSolution
		{DCFDD026-22AF-4AD5-8884-E7C0E189E882}.Debug|Any CPU.ActiveCfg = Debug|Any CPU
		{DCFDD026-22AF-4AD5-8884-E7C0E189E882}.Debug|Any CPU.Build.0 = Debug|Any CPU
		{DCFDD026-22AF-4AD5-8884-E7C0E189E882}.Release|Any CPU.ActiveCfg = Release|Any CPU
		{DCFDD026-22AF-4AD5-8884-E7C0E189E882}.Release|Any CPU.Build.0 = Release|Any CPU
		{2531BD82-01EF-4081-A468-3A8CAFA1E4A3}.Debug|Any CPU.ActiveCfg = Debug|Any CPU
		{2531BD82-01EF-4081-A468-3A8CAFA1E4A3}.Debug|Any CPU.Build.0 = Debug|Any CPU
		{2531BD82-01EF-4081-A468-3A8CAFA1E4A3}.Release|Any CPU.ActiveCfg = Release|Any CPU
		{2531BD82-01EF-4081-A468-3A8CAFA1E4A3}.Release|Any CPU.Build.0 = Release|Any CPU
	EndGlobalSection
	GlobalSection(SolutionProperties) = preSolution
		HideSolutionNode = FALSE
	EndGlobalSection
	GlobalSection(ExtensibilityGlobals) = postSolution
		SolutionGuid = {2D02D2A3-603A-46A3-B731-86F0D7956619}
	EndGlobalSection
EndGlobal
